
Microsoft Visual Studio Solution File, Format Version 12.00
# Visual Studio Version 16
VisualStudioVersion = 16.0.28803.156
MinimumVisualStudioVersion = 10.0.40219.1
Project("{FAE04EC0-301F-11D3-BF4B-00C04F79EFBC}") = "Prakrishta.EasyUpdate", "Prakrishta.EasyUpdate\Prakrishta.EasyUpdate.csproj", "{6E7BAAB1-4593-4C9F-9615-706CD1A54EA9}"
EndProject
Project("{FAE04EC0-301F-11D3-BF4B-00C04F79EFBC}") = "Prakrishta.EasyUpdate.Sample", "Prakrishta.EasyUpdate.Sample\Prakrishta.EasyUpdate.Sample.csproj", "{65BECAFB-AA44-415B-A8EE-044F1E7DBB81}"
EndProject
Project("{FAE04EC0-301F-11D3-BF4B-00C04F79EFBC}") = "Prakrishta.EasyUpdate.WinForms", "Prakrishta.EasyUpdate.WinForms\Prakrishta.EasyUpdate.WinForms.csproj", "{372BFC6A-D17C-4F07-A1AA-54B81C45D8F8}"
EndProject
Global
	GlobalSection(SolutionConfigurationPlatforms) = preSolution
		Debug|Any CPU = Debug|Any CPU
		Release|Any CPU = Release|Any CPU
	EndGlobalSection
	GlobalSection(ProjectConfigurationPlatforms) = postSolution
		{6E7BAAB1-4593-4C9F-9615-706CD1A54EA9}.Debug|Any CPU.ActiveCfg = Debug|Any CPU
		{6E7BAAB1-4593-4C9F-9615-706CD1A54EA9}.Debug|Any CPU.Build.0 = Debug|Any CPU
		{6E7BAAB1-4593-4C9F-9615-706CD1A54EA9}.Release|Any CPU.ActiveCfg = Release|Any CPU
		{6E7BAAB1-4593-4C9F-9615-706CD1A54EA9}.Release|Any CPU.Build.0 = Release|Any CPU
		{65BECAFB-AA44-415B-A8EE-044F1E7DBB81}.Debug|Any CPU.ActiveCfg = Debug|Any CPU
		{65BECAFB-AA44-415B-A8EE-044F1E7DBB81}.Debug|Any CPU.Build.0 = Debug|Any CPU
		{65BECAFB-AA44-415B-A8EE-044F1E7DBB81}.Release|Any CPU.ActiveCfg = Release|Any CPU
		{65BECAFB-AA44-415B-A8EE-044F1E7DBB81}.Release|Any CPU.Build.0 = Release|Any CPU
		{372BFC6A-D17C-4F07-A1AA-54B81C45D8F8}.Debug|Any CPU.ActiveCfg = Debug|Any CPU
		{372BFC6A-D17C-4F07-A1AA-54B81C45D8F8}.Debug|Any CPU.Build.0 = Debug|Any CPU
		{372BFC6A-D17C-4F07-A1AA-54B81C45D8F8}.Release|Any CPU.ActiveCfg = Release|Any CPU
		{372BFC6A-D17C-4F07-A1AA-54B81C45D8F8}.Release|Any CPU.Build.0 = Release|Any CPU
	EndGlobalSection
	GlobalSection(SolutionProperties) = preSolution
		HideSolutionNode = FALSE
	EndGlobalSection
	GlobalSection(ExtensibilityGlobals) = postSolution
		SolutionGuid = {CBAF8A14-7DE0-4A05-9F50-A7BC37380CDA}
	EndGlobalSection
EndGlobal
